// !$*UTF8*$!
{
	archiveVersion = 1;
	classes = {
	};
	objectVersion = 46;
	objects = {

/* Begin PBXBuildFile section */
		7E0A33BD1B791A30000C7B22 /* seed_application.cpp in Sources */ = {isa = PBXBuildFile; fileRef = 7E0A33BC1B791A30000C7B22 /* seed_application.cpp */; };
		7E0A33EF1B791E8D000C7B22 /* input.cpp in Sources */ = {isa = PBXBuildFile; fileRef = 7E0A33C11B791E8C000C7B22 /* input.cpp */; };
		7E0A33F11B791E8D000C7B22 /* message_pump.cpp in Sources */ = {isa = PBXBuildFile; fileRef = 7E0A33C41B791E8C000C7B22 /* message_pump.cpp */; };
		7E0A33F21B791E8D000C7B22 /* mixer.cpp in Sources */ = {isa = PBXBuildFile; fileRef = 7E0A33C61B791E8C000C7B22 /* mixer.cpp */; };
		7E0A33F31B791E8D000C7B22 /* ogl_context.cpp in Sources */ = {isa = PBXBuildFile; fileRef = 7E0A33C81B791E8C000C7B22 /* ogl_context.cpp */; };
		7E0A33F51B791E8D000C7B22 /* sdl_common.cpp in Sources */ = {isa = PBXBuildFile; fileRef = 7E0A33CB1B791E8C000C7B22 /* sdl_common.cpp */; };
		7E0A33FA1B791E8D000C7B22 /* window.cpp in Sources */ = {isa = PBXBuildFile; fileRef = 7E0A33D41B791E8D000C7B22 /* window.cpp */; };
		7E0A33FB1B791E8D000C7B22 /* common.cpp in Sources */ = {isa = PBXBuildFile; fileRef = 7E0A33D71B791E8D000C7B22 /* common.cpp */; };
		7E0A33FC1B791E8D000C7B22 /* draw_call.cpp in Sources */ = {isa = PBXBuildFile; fileRef = 7E0A33D91B791E8D000C7B22 /* draw_call.cpp */; };
		7E0A33FD1B791E8D000C7B22 /* frame_buffer.cpp in Sources */ = {isa = PBXBuildFile; fileRef = 7E0A33DB1B791E8D000C7B22 /* frame_buffer.cpp */; };
		7E0A33FE1B791E8D000C7B22 /* index_buffer.cpp in Sources */ = {isa = PBXBuildFile; fileRef = 7E0A33DD1B791E8D000C7B22 /* index_buffer.cpp */; };
		7E0A33FF1B791E8D000C7B22 /* rasterizer.cpp in Sources */ = {isa = PBXBuildFile; fileRef = 7E0A33E01B791E8D000C7B22 /* rasterizer.cpp */; };
		7E0A34001B791E8D000C7B22 /* renderer.cpp in Sources */ = {isa = PBXBuildFile; fileRef = 7E0A33E21B791E8D000C7B22 /* renderer.cpp */; };
		7E0A34011B791E8D000C7B22 /* shader.cpp in Sources */ = {isa = PBXBuildFile; fileRef = 7E0A33E51B791E8D000C7B22 /* shader.cpp */; };
		7E0A34021B791E8D000C7B22 /* texture.cpp in Sources */ = {isa = PBXBuildFile; fileRef = 7E0A33E71B791E8D000C7B22 /* texture.cpp */; };
		7E0A34031B791E8D000C7B22 /* vertex_buffer.cpp in Sources */ = {isa = PBXBuildFile; fileRef = 7E0A33EA1B791E8D000C7B22 /* vertex_buffer.cpp */; };
		7E0A34041B791E8D000C7B22 /* vertex_format.cpp in Sources */ = {isa = PBXBuildFile; fileRef = 7E0A33EC1B791E8D000C7B22 /* vertex_format.cpp */; };
		7E0A34061B791EFC000C7B22 /* OpenGL.framework in Frameworks */ = {isa = PBXBuildFile; fileRef = 7E0A34051B791EFC000C7B22 /* OpenGL.framework */; };
		7E0A340D1B793FA8000C7B22 /* directory_mac.mm in Sources */ = {isa = PBXBuildFile; fileRef = 7E0A34091B793FA8000C7B22 /* directory_mac.mm */; };
		7E0A340E1B793FA8000C7B22 /* directory_nix.cpp in Sources */ = {isa = PBXBuildFile; fileRef = 7E0A340A1B793FA8000C7B22 /* directory_nix.cpp */; };
		7E0A340F1B793FA8000C7B22 /* obj_model_loader.cpp in Sources */ = {isa = PBXBuildFile; fileRef = 7E0A340B1B793FA8000C7B22 /* obj_model_loader.cpp */; };
		7E0A342B1B7941A5000C7B22 /* assets in Resources */ = {isa = PBXBuildFile; fileRef = 7E0A342A1B7941A5000C7B22 /* assets */; };
		7E405B941B7BE134001DA0F5 /* libangelscript.a in Frameworks */ = {isa = PBXBuildFile; fileRef = 7E405B931B7BE134001DA0F5 /* libangelscript.a */; };
		7E405BB01B7C7C8B001DA0F5 /* scriptarray.cpp in Sources */ = {isa = PBXBuildFile; fileRef = 7E405BA91B7C7C8B001DA0F5 /* scriptarray.cpp */; };
		7E405BB11B7C7C8B001DA0F5 /* scriptstdstring.cpp in Sources */ = {isa = PBXBuildFile; fileRef = 7E405BAC1B7C7C8B001DA0F5 /* scriptstdstring.cpp */; };
		7E405BB21B7C7C8B001DA0F5 /* scriptstdstring_utils.cpp in Sources */ = {isa = PBXBuildFile; fileRef = 7E405BAE1B7C7C8B001DA0F5 /* scriptstdstring_utils.cpp */; };
		7E405BB71B7C827F001DA0F5 /* as_helper.cpp in Sources */ = {isa = PBXBuildFile; fileRef = 7E405BB41B7C827F001DA0F5 /* as_helper.cpp */; };
		7E405BDF1B7D1A91001DA0F5 /* camera.cpp in Sources */ = {isa = PBXBuildFile; fileRef = 7E405BC41B7D1A91001DA0F5 /* camera.cpp */; };
		7E405BE01B7D1A91001DA0F5 /* camera_controller.cpp in Sources */ = {isa = PBXBuildFile; fileRef = 7E405BC61B7D1A91001DA0F5 /* camera_controller.cpp */; };
		7E405BE11B7D1A91001DA0F5 /* material.cpp in Sources */ = {isa = PBXBuildFile; fileRef = 7E405BC91B7D1A91001DA0F5 /* material.cpp */; };
		7E405BE21B7D1A91001DA0F5 /* material_controller.cpp in Sources */ = {isa = PBXBuildFile; fileRef = 7E405BCB1B7D1A91001DA0F5 /* material_controller.cpp */; };
		7E405BE31B7D1A91001DA0F5 /* mesh_renderer.cpp in Sources */ = {isa = PBXBuildFile; fileRef = 7E405BCE1B7D1A91001DA0F5 /* mesh_renderer.cpp */; };
		7E405BE41B7D1A91001DA0F5 /* mesh_renderer_controller.cpp in Sources */ = {isa = PBXBuildFile; fileRef = 7E405BD01B7D1A91001DA0F5 /* mesh_renderer_controller.cpp */; };
		7E405BE51B7D1A91001DA0F5 /* rigid_body_controller.cpp in Sources */ = {isa = PBXBuildFile; fileRef = 7E405BD31B7D1A91001DA0F5 /* rigid_body_controller.cpp */; };
		7E405BE61B7D1A91001DA0F5 /* script.cpp in Sources */ = {isa = PBXBuildFile; fileRef = 7E405BD61B7D1A91001DA0F5 /* script.cpp */; };
		7E405BE71B7D1A91001DA0F5 /* script_controller.cpp in Sources */ = {isa = PBXBuildFile; fileRef = 7E405BD81B7D1A91001DA0F5 /* script_controller.cpp */; };
		7E405BE81B7D1A91001DA0F5 /* transform.cpp in Sources */ = {isa = PBXBuildFile; fileRef = 7E405BDB1B7D1A91001DA0F5 /* transform.cpp */; };
		7E405BE91B7D1A91001DA0F5 /* transform_controller.cpp in Sources */ = {isa = PBXBuildFile; fileRef = 7E405BDD1B7D1A91001DA0F5 /* transform_controller.cpp */; };
		7E5B116E1B8997C200614422 /* mesh_renderer.cpp in Sources */ = {isa = PBXBuildFile; fileRef = 7E5B116C1B8997C200614422 /* mesh_renderer.cpp */; };
		7E61D0F81B9818EB00AE90BD /* time.cpp in Sources */ = {isa = PBXBuildFile; fileRef = 7E61D0F61B9818EB00AE90BD /* time.cpp */; };
		7E61D0FB1B981ADF00AE90BD /* core.cpp in Sources */ = {isa = PBXBuildFile; fileRef = 7E61D0F91B981ADF00AE90BD /* core.cpp */; };
		7E87C5A61B7E18A4003BE24E /* mesh.cpp in Sources */ = {isa = PBXBuildFile; fileRef = 7E87C5A21B7E18A4003BE24E /* mesh.cpp */; };
		7E87C5A71B7E18A4003BE24E /* mesh_controller.cpp in Sources */ = {isa = PBXBuildFile; fileRef = 7E87C5A41B7E18A4003BE24E /* mesh_controller.cpp */; };
		7E87C5AF1B810B88003BE24E /* vertex_buffer_resource.cpp in Sources */ = {isa = PBXBuildFile; fileRef = 7E87C5AD1B810B88003BE24E /* vertex_buffer_resource.cpp */; };
		7E87C5B51B81360F003BE24E /* window.cpp in Sources */ = {isa = PBXBuildFile; fileRef = 7E87C5B31B81360F003BE24E /* window.cpp */; };
		7E87C5B81B81BA65003BE24E /* texture_resource.cpp in Sources */ = {isa = PBXBuildFile; fileRef = 7E87C5B61B81BA65003BE24E /* texture_resource.cpp */; };
		7E87C5C01B826404003BE24E /* event.cpp in Sources */ = {isa = PBXBuildFile; fileRef = 7E87C5BA1B826404003BE24E /* event.cpp */; };
		7E87C5C11B826404003BE24E /* event_data.cpp in Sources */ = {isa = PBXBuildFile; fileRef = 7E87C5BC1B826404003BE24E /* event_data.cpp */; };
		7E87C5C71B8276A9003BE24E /* memory_controller.cpp in Sources */ = {isa = PBXBuildFile; fileRef = 7E87C5C51B8276A9003BE24E /* memory_controller.cpp */; };
		7E8E897A1B8BADCC007F416E /* physics_world_controller.cpp in Sources */ = {isa = PBXBuildFile; fileRef = 7E8E89781B8BADCC007F416E /* physics_world_controller.cpp */; };
		7EA289CB1B98957600C70810 /* libchaiscript_stdlib-5.7.1.so in Resources */ = {isa = PBXBuildFile; fileRef = 7EA289CA1B98957600C70810 /* libchaiscript_stdlib-5.7.1.so */; };
		7EC21F221B7A6E4C0020994C /* rigidbody.cpp in Sources */ = {isa = PBXBuildFile; fileRef = 7EC21F1E1B7A6E4C0020994C /* rigidbody.cpp */; };
		7EC21F231B7A6E4C0020994C /* world.cpp in Sources */ = {isa = PBXBuildFile; fileRef = 7EC21F201B7A6E4C0020994C /* world.cpp */; };
		7EC21F261B7A74FD0020994C /* collider.cpp in Sources */ = {isa = PBXBuildFile; fileRef = 7EC21F241B7A74FD0020994C /* collider.cpp */; };
		7EC21F291B7B12680020994C /* timer.cpp in Sources */ = {isa = PBXBuildFile; fileRef = 7EC21F271B7B12680020994C /* timer.cpp */; };
		7EC21F2C1B7B2CF80020994C /* logging.cpp in Sources */ = {isa = PBXBuildFile; fileRef = 7EC21F2A1B7B2CF80020994C /* logging.cpp */; };
		7EE146761B8C9116008B4748 /* rigid_body_data.cpp in Sources */ = {isa = PBXBuildFile; fileRef = 7EE146741B8C9116008B4748 /* rigid_body_data.cpp */; };
		7EE730271B95D59E005AA837 /* schedular.cpp in Sources */ = {isa = PBXBuildFile; fileRef = 7EE730251B95D59E005AA837 /* schedular.cpp */; };
		7EE8880D1BA065DB0073A100 /* chai_instances.cpp in Sources */ = {isa = PBXBuildFile; fileRef = 7EE8880B1BA065DB0073A100 /* chai_instances.cpp */; };
		7EE888101BA066330073A100 /* script_manager.cpp in Sources */ = {isa = PBXBuildFile; fileRef = 7EE8880E1BA066320073A100 /* script_manager.cpp */; };
		7EE888141BA0A7180073A100 /* chai_binding.cpp in Sources */ = {isa = PBXBuildFile; fileRef = 7EE888121BA0A7180073A100 /* chai_binding.cpp */; };
		7EE888171BA0ABC60073A100 /* meta_objects.cpp in Sources */ = {isa = PBXBuildFile; fileRef = 7EE888151BA0ABC60073A100 /* meta_objects.cpp */; };
		7EE8881A1BA0AC670073A100 /* script_contorller.cpp in Sources */ = {isa = PBXBuildFile; fileRef = 7EE888181BA0AC670073A100 /* script_contorller.cpp */; };
		7EEBA0AE1B85B1E50088162A /* debug_line_renderer.cpp in Sources */ = {isa = PBXBuildFile; fileRef = 7EEBA0AC1B85B1E50088162A /* debug_line_renderer.cpp */; };
/* End PBXBuildFile section */

/* Begin PBXFileReference section */
		7E0A33991B7919E6000C7B22 /* Seed.app */ = {isa = PBXFileReference; explicitFileType = wrapper.application; includeInIndex = 0; path = Seed.app; sourceTree = BUILT_PRODUCTS_DIR; };
		7E0A339D1B7919E6000C7B22 /* Info.plist */ = {isa = PBXFileReference; lastKnownFileType = text.plist.xml; path = Info.plist; sourceTree = "<group>"; };
		7E0A33BC1B791A30000C7B22 /* seed_application.cpp */ = {isa = PBXFileReference; fileEncoding = 4; lastKnownFileType = sourcecode.cpp.cpp; name = seed_application.cpp; path = ../../../../code/seed_application.cpp; sourceTree = "<group>"; };
		7E0A33C11B791E8C000C7B22 /* input.cpp */ = {isa = PBXFileReference; fileEncoding = 4; lastKnownFileType = sourcecode.cpp.cpp; path = input.cpp; sourceTree = "<group>"; };
		7E0A33C21B791E8C000C7B22 /* input.hpp */ = {isa = PBXFileReference; fileEncoding = 4; lastKnownFileType = sourcecode.cpp.h; path = input.hpp; sourceTree = "<group>"; };
		7E0A33C41B791E8C000C7B22 /* message_pump.cpp */ = {isa = PBXFileReference; fileEncoding = 4; lastKnownFileType = sourcecode.cpp.cpp; path = message_pump.cpp; sourceTree = "<group>"; };
		7E0A33C51B791E8C000C7B22 /* message_pump.hpp */ = {isa = PBXFileReference; fileEncoding = 4; lastKnownFileType = sourcecode.cpp.h; path = message_pump.hpp; sourceTree = "<group>"; };
		7E0A33C61B791E8C000C7B22 /* mixer.cpp */ = {isa = PBXFileReference; fileEncoding = 4; lastKnownFileType = sourcecode.cpp.cpp; path = mixer.cpp; sourceTree = "<group>"; };
		7E0A33C71B791E8C000C7B22 /* mixer.hpp */ = {isa = PBXFileReference; fileEncoding = 4; lastKnownFileType = sourcecode.cpp.h; path = mixer.hpp; sourceTree = "<group>"; };
		7E0A33C81B791E8C000C7B22 /* ogl_context.cpp */ = {isa = PBXFileReference; fileEncoding = 4; lastKnownFileType = sourcecode.cpp.cpp; path = ogl_context.cpp; sourceTree = "<group>"; };
		7E0A33C91B791E8C000C7B22 /* ogl_context.hpp */ = {isa = PBXFileReference; fileEncoding = 4; lastKnownFileType = sourcecode.cpp.h; path = ogl_context.hpp; sourceTree = "<group>"; };
		7E0A33CB1B791E8C000C7B22 /* sdl_common.cpp */ = {isa = PBXFileReference; fileEncoding = 4; lastKnownFileType = sourcecode.cpp.cpp; path = sdl_common.cpp; sourceTree = "<group>"; };
		7E0A33CC1B791E8C000C7B22 /* sdl_common.hpp */ = {isa = PBXFileReference; fileEncoding = 4; lastKnownFileType = sourcecode.cpp.h; path = sdl_common.hpp; sourceTree = "<group>"; };
		7E0A33CD1B791E8C000C7B22 /* sdl_fwd.hpp */ = {isa = PBXFileReference; fileEncoding = 4; lastKnownFileType = sourcecode.cpp.h; path = sdl_fwd.hpp; sourceTree = "<group>"; };
		7E0A33CE1B791E8C000C7B22 /* sdl_lazy_include.hpp */ = {isa = PBXFileReference; fileEncoding = 4; lastKnownFileType = sourcecode.cpp.h; path = sdl_lazy_include.hpp; sourceTree = "<group>"; };
		7E0A33D41B791E8D000C7B22 /* window.cpp */ = {isa = PBXFileReference; fileEncoding = 4; lastKnownFileType = sourcecode.cpp.cpp; path = window.cpp; sourceTree = "<group>"; };
		7E0A33D51B791E8D000C7B22 /* window.hpp */ = {isa = PBXFileReference; fileEncoding = 4; lastKnownFileType = sourcecode.cpp.h; path = window.hpp; sourceTree = "<group>"; };
		7E0A33D71B791E8D000C7B22 /* common.cpp */ = {isa = PBXFileReference; fileEncoding = 4; lastKnownFileType = sourcecode.cpp.cpp; path = common.cpp; sourceTree = "<group>"; };
		7E0A33D81B791E8D000C7B22 /* common.hpp */ = {isa = PBXFileReference; fileEncoding = 4; lastKnownFileType = sourcecode.cpp.h; path = common.hpp; sourceTree = "<group>"; };
		7E0A33D91B791E8D000C7B22 /* draw_call.cpp */ = {isa = PBXFileReference; fileEncoding = 4; lastKnownFileType = sourcecode.cpp.cpp; path = draw_call.cpp; sourceTree = "<group>"; };
		7E0A33DA1B791E8D000C7B22 /* draw_call.hpp */ = {isa = PBXFileReference; fileEncoding = 4; lastKnownFileType = sourcecode.cpp.h; path = draw_call.hpp; sourceTree = "<group>"; };
		7E0A33DB1B791E8D000C7B22 /* frame_buffer.cpp */ = {isa = PBXFileReference; fileEncoding = 4; lastKnownFileType = sourcecode.cpp.cpp; path = frame_buffer.cpp; sourceTree = "<group>"; };
		7E0A33DC1B791E8D000C7B22 /* frame_buffer.hpp */ = {isa = PBXFileReference; fileEncoding = 4; lastKnownFileType = sourcecode.cpp.h; path = frame_buffer.hpp; sourceTree = "<group>"; };
		7E0A33DD1B791E8D000C7B22 /* index_buffer.cpp */ = {isa = PBXFileReference; fileEncoding = 4; lastKnownFileType = sourcecode.cpp.cpp; path = index_buffer.cpp; sourceTree = "<group>"; };
		7E0A33DE1B791E8D000C7B22 /* index_buffer.hpp */ = {isa = PBXFileReference; fileEncoding = 4; lastKnownFileType = sourcecode.cpp.h; path = index_buffer.hpp; sourceTree = "<group>"; };
		7E0A33DF1B791E8D000C7B22 /* lazy_include.hpp */ = {isa = PBXFileReference; fileEncoding = 4; lastKnownFileType = sourcecode.cpp.h; path = lazy_include.hpp; sourceTree = "<group>"; };
		7E0A33E01B791E8D000C7B22 /* rasterizer.cpp */ = {isa = PBXFileReference; fileEncoding = 4; lastKnownFileType = sourcecode.cpp.cpp; path = rasterizer.cpp; sourceTree = "<group>"; };
		7E0A33E11B791E8D000C7B22 /* rasterizer.hpp */ = {isa = PBXFileReference; fileEncoding = 4; lastKnownFileType = sourcecode.cpp.h; path = rasterizer.hpp; sourceTree = "<group>"; };
		7E0A33E21B791E8D000C7B22 /* renderer.cpp */ = {isa = PBXFileReference; fileEncoding = 4; lastKnownFileType = sourcecode.cpp.cpp; path = renderer.cpp; sourceTree = "<group>"; };
		7E0A33E31B791E8D000C7B22 /* renderer.hpp */ = {isa = PBXFileReference; fileEncoding = 4; lastKnownFileType = sourcecode.cpp.h; path = renderer.hpp; sourceTree = "<group>"; };
		7E0A33E41B791E8D000C7B22 /* renderer_fwd.hpp */ = {isa = PBXFileReference; fileEncoding = 4; lastKnownFileType = sourcecode.cpp.h; path = renderer_fwd.hpp; sourceTree = "<group>"; };
		7E0A33E51B791E8D000C7B22 /* shader.cpp */ = {isa = PBXFileReference; fileEncoding = 4; lastKnownFileType = sourcecode.cpp.cpp; path = shader.cpp; sourceTree = "<group>"; };
		7E0A33E61B791E8D000C7B22 /* shader.hpp */ = {isa = PBXFileReference; fileEncoding = 4; lastKnownFileType = sourcecode.cpp.h; path = shader.hpp; sourceTree = "<group>"; };
		7E0A33E71B791E8D000C7B22 /* texture.cpp */ = {isa = PBXFileReference; fileEncoding = 4; lastKnownFileType = sourcecode.cpp.cpp; path = texture.cpp; sourceTree = "<group>"; };
		7E0A33E81B791E8D000C7B22 /* texture.hpp */ = {isa = PBXFileReference; fileEncoding = 4; lastKnownFileType = sourcecode.cpp.h; path = texture.hpp; sourceTree = "<group>"; };
		7E0A33E91B791E8D000C7B22 /* version.hpp */ = {isa = PBXFileReference; fileEncoding = 4; lastKnownFileType = sourcecode.cpp.h; path = version.hpp; sourceTree = "<group>"; };
		7E0A33EA1B791E8D000C7B22 /* vertex_buffer.cpp */ = {isa = PBXFileReference; fileEncoding = 4; lastKnownFileType = sourcecode.cpp.cpp; path = vertex_buffer.cpp; sourceTree = "<group>"; };
		7E0A33EB1B791E8D000C7B22 /* vertex_buffer.hpp */ = {isa = PBXFileReference; fileEncoding = 4; lastKnownFileType = sourcecode.cpp.h; path = vertex_buffer.hpp; sourceTree = "<group>"; };
		7E0A33EC1B791E8D000C7B22 /* vertex_format.cpp */ = {isa = PBXFileReference; fileEncoding = 4; lastKnownFileType = sourcecode.cpp.cpp; path = vertex_format.cpp; sourceTree = "<group>"; };
		7E0A33ED1B791E8D000C7B22 /* vertex_format.hpp */ = {isa = PBXFileReference; fileEncoding = 4; lastKnownFileType = sourcecode.cpp.h; path = vertex_format.hpp; sourceTree = "<group>"; };
		7E0A34051B791EFC000C7B22 /* OpenGL.framework */ = {isa = PBXFileReference; lastKnownFileType = wrapper.framework; name = OpenGL.framework; path = System/Library/Frameworks/OpenGL.framework; sourceTree = SDKROOT; };
		7E0A34081B793FA8000C7B22 /* directory.hpp */ = {isa = PBXFileReference; fileEncoding = 4; lastKnownFileType = sourcecode.cpp.h; path = directory.hpp; sourceTree = "<group>"; };
		7E0A34091B793FA8000C7B22 /* directory_mac.mm */ = {isa = PBXFileReference; fileEncoding = 4; lastKnownFileType = sourcecode.cpp.objcpp; path = directory_mac.mm; sourceTree = "<group>"; };
		7E0A340A1B793FA8000C7B22 /* directory_nix.cpp */ = {isa = PBXFileReference; fileEncoding = 4; lastKnownFileType = sourcecode.cpp.cpp; path = directory_nix.cpp; sourceTree = "<group>"; };
		7E0A340B1B793FA8000C7B22 /* obj_model_loader.cpp */ = {isa = PBXFileReference; fileEncoding = 4; lastKnownFileType = sourcecode.cpp.cpp; path = obj_model_loader.cpp; sourceTree = "<group>"; };
		7E0A340C1B793FA8000C7B22 /* obj_model_loader.hpp */ = {isa = PBXFileReference; fileEncoding = 4; lastKnownFileType = sourcecode.cpp.h; path = obj_model_loader.hpp; sourceTree = "<group>"; };
		7E0A342A1B7941A5000C7B22 /* assets */ = {isa = PBXFileReference; lastKnownFileType = folder; name = assets; path = ../../../assets; sourceTree = "<group>"; };
		7E405B931B7BE134001DA0F5 /* libangelscript.a */ = {isa = PBXFileReference; lastKnownFileType = archive.ar; name = libangelscript.a; path = ../../../3rdparty/angelscript/lib/osx/libangelscript.a; sourceTree = "<group>"; };
		7E405BA91B7C7C8B001DA0F5 /* scriptarray.cpp */ = {isa = PBXFileReference; fileEncoding = 4; lastKnownFileType = sourcecode.cpp.cpp; path = scriptarray.cpp; sourceTree = "<group>"; };
		7E405BAA1B7C7C8B001DA0F5 /* scriptarray.h */ = {isa = PBXFileReference; fileEncoding = 4; lastKnownFileType = sourcecode.c.h; path = scriptarray.h; sourceTree = "<group>"; };
		7E405BAC1B7C7C8B001DA0F5 /* scriptstdstring.cpp */ = {isa = PBXFileReference; fileEncoding = 4; lastKnownFileType = sourcecode.cpp.cpp; path = scriptstdstring.cpp; sourceTree = "<group>"; };
		7E405BAD1B7C7C8B001DA0F5 /* scriptstdstring.h */ = {isa = PBXFileReference; fileEncoding = 4; lastKnownFileType = sourcecode.c.h; path = scriptstdstring.h; sourceTree = "<group>"; };
		7E405BAE1B7C7C8B001DA0F5 /* scriptstdstring_utils.cpp */ = {isa = PBXFileReference; fileEncoding = 4; lastKnownFileType = sourcecode.cpp.cpp; path = scriptstdstring_utils.cpp; sourceTree = "<group>"; };
		7E405BAF1B7C7C8B001DA0F5 /* angelscript.h */ = {isa = PBXFileReference; fileEncoding = 4; lastKnownFileType = sourcecode.c.h; name = angelscript.h; path = ../../../../3rdparty/angelscript/include/angelscript.h; sourceTree = "<group>"; };
		7E405BB41B7C827F001DA0F5 /* as_helper.cpp */ = {isa = PBXFileReference; fileEncoding = 4; lastKnownFileType = sourcecode.cpp.cpp; path = as_helper.cpp; sourceTree = "<group>"; };
		7E405BB51B7C827F001DA0F5 /* as_helper.hpp */ = {isa = PBXFileReference; fileEncoding = 4; lastKnownFileType = sourcecode.cpp.h; path = as_helper.hpp; sourceTree = "<group>"; };
		7E405BC11B7D1801001DA0F5 /* entity.hpp */ = {isa = PBXFileReference; fileEncoding = 4; lastKnownFileType = sourcecode.cpp.h; path = entity.hpp; sourceTree = "<group>"; };
		7E405BC41B7D1A91001DA0F5 /* camera.cpp */ = {isa = PBXFileReference; fileEncoding = 4; lastKnownFileType = sourcecode.cpp.cpp; path = camera.cpp; sourceTree = "<group>"; };
		7E405BC51B7D1A91001DA0F5 /* camera.hpp */ = {isa = PBXFileReference; fileEncoding = 4; lastKnownFileType = sourcecode.cpp.h; path = camera.hpp; sourceTree = "<group>"; };
		7E405BC61B7D1A91001DA0F5 /* camera_controller.cpp */ = {isa = PBXFileReference; fileEncoding = 4; lastKnownFileType = sourcecode.cpp.cpp; path = camera_controller.cpp; sourceTree = "<group>"; };
		7E405BC71B7D1A91001DA0F5 /* camera_controller.hpp */ = {isa = PBXFileReference; fileEncoding = 4; lastKnownFileType = sourcecode.cpp.h; path = camera_controller.hpp; sourceTree = "<group>"; };
		7E405BC91B7D1A91001DA0F5 /* material.cpp */ = {isa = PBXFileReference; fileEncoding = 4; lastKnownFileType = sourcecode.cpp.cpp; path = material.cpp; sourceTree = "<group>"; };
		7E405BCA1B7D1A91001DA0F5 /* material.hpp */ = {isa = PBXFileReference; fileEncoding = 4; lastKnownFileType = sourcecode.cpp.h; path = material.hpp; sourceTree = "<group>"; };
		7E405BCB1B7D1A91001DA0F5 /* material_controller.cpp */ = {isa = PBXFileReference; fileEncoding = 4; lastKnownFileType = sourcecode.cpp.cpp; path = material_controller.cpp; sourceTree = "<group>"; };
		7E405BCC1B7D1A91001DA0F5 /* material_controller.hpp */ = {isa = PBXFileReference; fileEncoding = 4; lastKnownFileType = sourcecode.cpp.h; path = material_controller.hpp; sourceTree = "<group>"; };
		7E405BCE1B7D1A91001DA0F5 /* mesh_renderer.cpp */ = {isa = PBXFileReference; fileEncoding = 4; lastKnownFileType = sourcecode.cpp.cpp; path = mesh_renderer.cpp; sourceTree = "<group>"; };
		7E405BCF1B7D1A91001DA0F5 /* mesh_renderer.hpp */ = {isa = PBXFileReference; fileEncoding = 4; lastKnownFileType = sourcecode.cpp.h; path = mesh_renderer.hpp; sourceTree = "<group>"; };
		7E405BD01B7D1A91001DA0F5 /* mesh_renderer_controller.cpp */ = {isa = PBXFileReference; fileEncoding = 4; lastKnownFileType = sourcecode.cpp.cpp; path = mesh_renderer_controller.cpp; sourceTree = "<group>"; };
		7E405BD11B7D1A91001DA0F5 /* mesh_renderer_controller.hpp */ = {isa = PBXFileReference; fileEncoding = 4; lastKnownFileType = sourcecode.cpp.h; path = mesh_renderer_controller.hpp; sourceTree = "<group>"; };
		7E405BD31B7D1A91001DA0F5 /* rigid_body_controller.cpp */ = {isa = PBXFileReference; fileEncoding = 4; lastKnownFileType = sourcecode.cpp.cpp; path = rigid_body_controller.cpp; sourceTree = "<group>"; };
		7E405BD41B7D1A91001DA0F5 /* rigid_body_controller.hpp */ = {isa = PBXFileReference; fileEncoding = 4; lastKnownFileType = sourcecode.cpp.h; path = rigid_body_controller.hpp; sourceTree = "<group>"; };
		7E405BD61B7D1A91001DA0F5 /* script.cpp */ = {isa = PBXFileReference; fileEncoding = 4; lastKnownFileType = sourcecode.cpp.cpp; path = script.cpp; sourceTree = "<group>"; };
		7E405BD71B7D1A91001DA0F5 /* script.hpp */ = {isa = PBXFileReference; fileEncoding = 4; lastKnownFileType = sourcecode.cpp.h; path = script.hpp; sourceTree = "<group>"; };
		7E405BD81B7D1A91001DA0F5 /* script_controller.cpp */ = {isa = PBXFileReference; fileEncoding = 4; lastKnownFileType = sourcecode.cpp.cpp; path = script_controller.cpp; sourceTree = "<group>"; };
		7E405BD91B7D1A91001DA0F5 /* script_controller.hpp */ = {isa = PBXFileReference; fileEncoding = 4; lastKnownFileType = sourcecode.cpp.h; path = script_controller.hpp; sourceTree = "<group>"; };
		7E405BDB1B7D1A91001DA0F5 /* transform.cpp */ = {isa = PBXFileReference; fileEncoding = 4; lastKnownFileType = sourcecode.cpp.cpp; path = transform.cpp; sourceTree = "<group>"; };
		7E405BDC1B7D1A91001DA0F5 /* transform.hpp */ = {isa = PBXFileReference; fileEncoding = 4; lastKnownFileType = sourcecode.cpp.h; path = transform.hpp; sourceTree = "<group>"; };
		7E405BDD1B7D1A91001DA0F5 /* transform_controller.cpp */ = {isa = PBXFileReference; fileEncoding = 4; lastKnownFileType = sourcecode.cpp.cpp; path = transform_controller.cpp; sourceTree = "<group>"; };
		7E405BDE1B7D1A91001DA0F5 /* transform_controller.hpp */ = {isa = PBXFileReference; fileEncoding = 4; lastKnownFileType = sourcecode.cpp.h; path = transform_controller.hpp; sourceTree = "<group>"; };
		7E5B116C1B8997C200614422 /* mesh_renderer.cpp */ = {isa = PBXFileReference; fileEncoding = 4; lastKnownFileType = sourcecode.cpp.cpp; path = mesh_renderer.cpp; sourceTree = "<group>"; };
		7E5B116D1B8997C200614422 /* mesh_renderer.hpp */ = {isa = PBXFileReference; fileEncoding = 4; lastKnownFileType = sourcecode.cpp.h; path = mesh_renderer.hpp; sourceTree = "<group>"; };
		7E61D0F61B9818EB00AE90BD /* time.cpp */ = {isa = PBXFileReference; fileEncoding = 4; lastKnownFileType = sourcecode.cpp.cpp; path = time.cpp; sourceTree = "<group>"; };
		7E61D0F71B9818EB00AE90BD /* time.hpp */ = {isa = PBXFileReference; fileEncoding = 4; lastKnownFileType = sourcecode.cpp.h; path = time.hpp; sourceTree = "<group>"; };
		7E61D0F91B981ADF00AE90BD /* core.cpp */ = {isa = PBXFileReference; fileEncoding = 4; lastKnownFileType = sourcecode.cpp.cpp; path = core.cpp; sourceTree = "<group>"; };
		7E61D0FA1B981ADF00AE90BD /* core.hpp */ = {isa = PBXFileReference; fileEncoding = 4; lastKnownFileType = sourcecode.cpp.h; path = core.hpp; sourceTree = "<group>"; };
		7E87C5A21B7E18A4003BE24E /* mesh.cpp */ = {isa = PBXFileReference; fileEncoding = 4; lastKnownFileType = sourcecode.cpp.cpp; path = mesh.cpp; sourceTree = "<group>"; };
		7E87C5A31B7E18A4003BE24E /* mesh.hpp */ = {isa = PBXFileReference; fileEncoding = 4; lastKnownFileType = sourcecode.cpp.h; path = mesh.hpp; sourceTree = "<group>"; };
		7E87C5A41B7E18A4003BE24E /* mesh_controller.cpp */ = {isa = PBXFileReference; fileEncoding = 4; lastKnownFileType = sourcecode.cpp.cpp; path = mesh_controller.cpp; sourceTree = "<group>"; };
		7E87C5A51B7E18A4003BE24E /* mesh_controller.hpp */ = {isa = PBXFileReference; fileEncoding = 4; lastKnownFileType = sourcecode.cpp.h; path = mesh_controller.hpp; sourceTree = "<group>"; };
		7E87C5AB1B80FD3D003BE24E /* component_interface.hpp */ = {isa = PBXFileReference; lastKnownFileType = sourcecode.cpp.h; path = component_interface.hpp; sourceTree = "<group>"; };
		7E87C5AD1B810B88003BE24E /* vertex_buffer_resource.cpp */ = {isa = PBXFileReference; fileEncoding = 4; lastKnownFileType = sourcecode.cpp.cpp; path = vertex_buffer_resource.cpp; sourceTree = "<group>"; };
		7E87C5AE1B810B88003BE24E /* vertex_buffer_resource.hpp */ = {isa = PBXFileReference; fileEncoding = 4; lastKnownFileType = sourcecode.cpp.h; path = vertex_buffer_resource.hpp; sourceTree = "<group>"; };
		7E87C5B31B81360F003BE24E /* window.cpp */ = {isa = PBXFileReference; fileEncoding = 4; lastKnownFileType = sourcecode.cpp.cpp; path = window.cpp; sourceTree = "<group>"; };
		7E87C5B41B81360F003BE24E /* window.hpp */ = {isa = PBXFileReference; fileEncoding = 4; lastKnownFileType = sourcecode.cpp.h; path = window.hpp; sourceTree = "<group>"; };
		7E87C5B61B81BA65003BE24E /* texture_resource.cpp */ = {isa = PBXFileReference; fileEncoding = 4; lastKnownFileType = sourcecode.cpp.cpp; path = texture_resource.cpp; sourceTree = "<group>"; };
		7E87C5B71B81BA65003BE24E /* texture_resource.hpp */ = {isa = PBXFileReference; fileEncoding = 4; lastKnownFileType = sourcecode.cpp.h; path = texture_resource.hpp; sourceTree = "<group>"; };
		7E87C5BA1B826404003BE24E /* event.cpp */ = {isa = PBXFileReference; fileEncoding = 4; lastKnownFileType = sourcecode.cpp.cpp; path = event.cpp; sourceTree = "<group>"; };
		7E87C5BB1B826404003BE24E /* event.hpp */ = {isa = PBXFileReference; fileEncoding = 4; lastKnownFileType = sourcecode.cpp.h; path = event.hpp; sourceTree = "<group>"; };
		7E87C5BC1B826404003BE24E /* event_data.cpp */ = {isa = PBXFileReference; fileEncoding = 4; lastKnownFileType = sourcecode.cpp.cpp; path = event_data.cpp; sourceTree = "<group>"; };
		7E87C5BD1B826404003BE24E /* event_data.hpp */ = {isa = PBXFileReference; fileEncoding = 4; lastKnownFileType = sourcecode.cpp.h; path = event_data.hpp; sourceTree = "<group>"; };
		7E87C5C41B8276A9003BE24E /* memory_chunk.hpp */ = {isa = PBXFileReference; fileEncoding = 4; lastKnownFileType = sourcecode.cpp.h; path = memory_chunk.hpp; sourceTree = "<group>"; };
		7E87C5C51B8276A9003BE24E /* memory_controller.cpp */ = {isa = PBXFileReference; fileEncoding = 4; lastKnownFileType = sourcecode.cpp.cpp; path = memory_controller.cpp; sourceTree = "<group>"; };
		7E87C5C61B8276A9003BE24E /* memory_controller.hpp */ = {isa = PBXFileReference; fileEncoding = 4; lastKnownFileType = sourcecode.cpp.h; path = memory_controller.hpp; sourceTree = "<group>"; };
		7E87C5CC1B8312F7003BE24E /* string_helpers.hpp */ = {isa = PBXFileReference; lastKnownFileType = sourcecode.cpp.h; name = string_helpers.hpp; path = ../../../../Users/PhilCK/Developer/utils/string_helpers.hpp; sourceTree = "<group>"; };
		7E8E89781B8BADCC007F416E /* physics_world_controller.cpp */ = {isa = PBXFileReference; fileEncoding = 4; lastKnownFileType = sourcecode.cpp.cpp; path = physics_world_controller.cpp; sourceTree = "<group>"; };
		7E8E89791B8BADCC007F416E /* physics_world_controller.hpp */ = {isa = PBXFileReference; fileEncoding = 4; lastKnownFileType = sourcecode.cpp.h; path = physics_world_controller.hpp; sourceTree = "<group>"; };
		7EA289CA1B98957600C70810 /* libchaiscript_stdlib-5.7.1.so */ = {isa = PBXFileReference; lastKnownFileType = "compiled.mach-o.bundle"; name = "libchaiscript_stdlib-5.7.1.so"; path = "../../../3rdparty/chaiscript/lib/osx/libchaiscript_stdlib-5.7.1.so"; sourceTree = "<group>"; };
		7EC21F1C1B7A6E4C0020994C /* bullet_common.hpp */ = {isa = PBXFileReference; fileEncoding = 4; lastKnownFileType = sourcecode.cpp.h; path = bullet_common.hpp; sourceTree = "<group>"; };
		7EC21F1D1B7A6E4C0020994C /* bullet_wrapper_fwd.hpp */ = {isa = PBXFileReference; fileEncoding = 4; lastKnownFileType = sourcecode.cpp.h; path = bullet_wrapper_fwd.hpp; sourceTree = "<group>"; };
		7EC21F1E1B7A6E4C0020994C /* rigidbody.cpp */ = {isa = PBXFileReference; fileEncoding = 4; lastKnownFileType = sourcecode.cpp.cpp; path = rigidbody.cpp; sourceTree = "<group>"; };
		7EC21F1F1B7A6E4C0020994C /* rigidbody.hpp */ = {isa = PBXFileReference; fileEncoding = 4; lastKnownFileType = sourcecode.cpp.h; path = rigidbody.hpp; sourceTree = "<group>"; };
		7EC21F201B7A6E4C0020994C /* world.cpp */ = {isa = PBXFileReference; fileEncoding = 4; lastKnownFileType = sourcecode.cpp.cpp; path = world.cpp; sourceTree = "<group>"; };
		7EC21F211B7A6E4C0020994C /* world.hpp */ = {isa = PBXFileReference; fileEncoding = 4; lastKnownFileType = sourcecode.cpp.h; path = world.hpp; sourceTree = "<group>"; };
		7EC21F241B7A74FD0020994C /* collider.cpp */ = {isa = PBXFileReference; fileEncoding = 4; lastKnownFileType = sourcecode.cpp.cpp; name = collider.cpp; path = ../../../../Users/PhilCK/Developer/bullet_wrapper/collider.cpp; sourceTree = "<group>"; };
		7EC21F251B7A74FD0020994C /* collider.hpp */ = {isa = PBXFileReference; fileEncoding = 4; lastKnownFileType = sourcecode.cpp.h; name = collider.hpp; path = ../../../../Users/PhilCK/Developer/bullet_wrapper/collider.hpp; sourceTree = "<group>"; };
		7EC21F271B7B12680020994C /* timer.cpp */ = {isa = PBXFileReference; fileEncoding = 4; lastKnownFileType = sourcecode.cpp.cpp; name = timer.cpp; path = ../../../../Users/PhilCK/Developer/utils/timer.cpp; sourceTree = "<group>"; };
		7EC21F281B7B12680020994C /* timer.hpp */ = {isa = PBXFileReference; fileEncoding = 4; lastKnownFileType = sourcecode.cpp.h; name = timer.hpp; path = ../../../../Users/PhilCK/Developer/utils/timer.hpp; sourceTree = "<group>"; };
		7EC21F2A1B7B2CF80020994C /* logging.cpp */ = {isa = PBXFileReference; fileEncoding = 4; lastKnownFileType = sourcecode.cpp.cpp; name = logging.cpp; path = ../../../../Users/PhilCK/Developer/utils/logging.cpp; sourceTree = "<group>"; };
		7EC21F2B1B7B2CF80020994C /* logging.hpp */ = {isa = PBXFileReference; fileEncoding = 4; lastKnownFileType = sourcecode.cpp.h; name = logging.hpp; path = ../../../../Users/PhilCK/Developer/utils/logging.hpp; sourceTree = "<group>"; };
		7EE146741B8C9116008B4748 /* rigid_body_data.cpp */ = {isa = PBXFileReference; fileEncoding = 4; lastKnownFileType = sourcecode.cpp.cpp; path = rigid_body_data.cpp; sourceTree = "<group>"; };
		7EE146751B8C9116008B4748 /* rigid_body_data.hpp */ = {isa = PBXFileReference; fileEncoding = 4; lastKnownFileType = sourcecode.cpp.h; path = rigid_body_data.hpp; sourceTree = "<group>"; };
		7EE48C551B8EF2C400BEA256 /* world_axis.hpp */ = {isa = PBXFileReference; fileEncoding = 4; lastKnownFileType = sourcecode.cpp.h; path = world_axis.hpp; sourceTree = "<group>"; };
		7EE730221B95D1B9005AA837 /* collision.hpp */ = {isa = PBXFileReference; fileEncoding = 4; lastKnownFileType = sourcecode.cpp.h; name = collision.hpp; path = ../../../../Users/PhilCK/Developer/bullet_wrapper/collision.hpp; sourceTree = "<group>"; };
		7EE730251B95D59E005AA837 /* schedular.cpp */ = {isa = PBXFileReference; fileEncoding = 4; lastKnownFileType = sourcecode.cpp.cpp; path = schedular.cpp; sourceTree = "<group>"; };
		7EE730261B95D59E005AA837 /* schedular.hpp */ = {isa = PBXFileReference; fileEncoding = 4; lastKnownFileType = sourcecode.cpp.h; path = schedular.hpp; sourceTree = "<group>"; };
		7EE8880B1BA065DB0073A100 /* chai_instances.cpp */ = {isa = PBXFileReference; fileEncoding = 4; lastKnownFileType = sourcecode.cpp.cpp; path = chai_instances.cpp; sourceTree = "<group>"; };
		7EE8880C1BA065DB0073A100 /* chai_instances.hpp */ = {isa = PBXFileReference; fileEncoding = 4; lastKnownFileType = sourcecode.cpp.h; path = chai_instances.hpp; sourceTree = "<group>"; };
		7EE8880E1BA066320073A100 /* script_manager.cpp */ = {isa = PBXFileReference; fileEncoding = 4; lastKnownFileType = sourcecode.cpp.cpp; path = script_manager.cpp; sourceTree = "<group>"; };
		7EE8880F1BA066320073A100 /* script_manager.hpp */ = {isa = PBXFileReference; fileEncoding = 4; lastKnownFileType = sourcecode.cpp.h; path = script_manager.hpp; sourceTree = "<group>"; };
		7EE888111BA068770073A100 /* script_fwd.hpp */ = {isa = PBXFileReference; lastKnownFileType = sourcecode.cpp.h; path = script_fwd.hpp; sourceTree = "<group>"; };
		7EE888121BA0A7180073A100 /* chai_binding.cpp */ = {isa = PBXFileReference; fileEncoding = 4; lastKnownFileType = sourcecode.cpp.cpp; path = chai_binding.cpp; sourceTree = "<group>"; };
		7EE888131BA0A7180073A100 /* chai_binding.hpp */ = {isa = PBXFileReference; fileEncoding = 4; lastKnownFileType = sourcecode.cpp.h; path = chai_binding.hpp; sourceTree = "<group>"; };
		7EE888151BA0ABC60073A100 /* meta_objects.cpp */ = {isa = PBXFileReference; fileEncoding = 4; lastKnownFileType = sourcecode.cpp.cpp; path = meta_objects.cpp; sourceTree = "<group>"; };
		7EE888161BA0ABC60073A100 /* meta_objects.hpp */ = {isa = PBXFileReference; fileEncoding = 4; lastKnownFileType = sourcecode.cpp.h; path = meta_objects.hpp; sourceTree = "<group>"; };
		7EE888181BA0AC670073A100 /* script_contorller.cpp */ = {isa = PBXFileReference; fileEncoding = 4; lastKnownFileType = sourcecode.cpp.cpp; path = script_contorller.cpp; sourceTree = "<group>"; };
		7EE888191BA0AC670073A100 /* script_controller.hpp */ = {isa = PBXFileReference; fileEncoding = 4; lastKnownFileType = sourcecode.cpp.h; path = script_controller.hpp; sourceTree = "<group>"; };
		7EEBA0AC1B85B1E50088162A /* debug_line_renderer.cpp */ = {isa = PBXFileReference; fileEncoding = 4; lastKnownFileType = sourcecode.cpp.cpp; path = debug_line_renderer.cpp; sourceTree = "<group>"; };
		7EEBA0AD1B85B1E50088162A /* debug_line_renderer.hpp */ = {isa = PBXFileReference; fileEncoding = 4; lastKnownFileType = sourcecode.cpp.h; path = debug_line_renderer.hpp; sourceTree = "<group>"; };
/* End PBXFileReference section */

/* Begin PBXFrameworksBuildPhase section */
		7E0A33961B7919E6000C7B22 /* Frameworks */ = {
			isa = PBXFrameworksBuildPhase;
			buildActionMask = 2147483647;
			files = (
				7E405B941B7BE134001DA0F5 /* libangelscript.a in Frameworks */,
				7E0A34061B791EFC000C7B22 /* OpenGL.framework in Frameworks */,
			);
			runOnlyForDeploymentPostprocessing = 0;
		};
/* End PBXFrameworksBuildPhase section */

/* Begin PBXGroup section */
		7E0A33901B7919E6000C7B22 = {
			isa = PBXGroup;
			children = (
				7EA289CA1B98957600C70810 /* libchaiscript_stdlib-5.7.1.so */,
				7E0A342A1B7941A5000C7B22 /* assets */,
				7E0A339B1B7919E6000C7B22 /* Seed Code */,
				7E87C5B01B812FC5003BE24E /* Frameworks */,
				7E0A339A1B7919E6000C7B22 /* Products */,
			);
			sourceTree = "<group>";
		};
		7E0A339A1B7919E6000C7B22 /* Products */ = {
			isa = PBXGroup;
			children = (
				7E0A33991B7919E6000C7B22 /* Seed.app */,
			);
			name = Products;
			sourceTree = "<group>";
		};
		7E0A339B1B7919E6000C7B22 /* Seed Code */ = {
			isa = PBXGroup;
			children = (
				7EE48C541B8EF2C400BEA256 /* common */,
				7E87C5B11B81360F003BE24E /* systems */,
				7E405BC21B7D1A91001DA0F5 /* components */,
				7E405BBF1B7D1801001DA0F5 /* core */,
				7E405BA51B7C7C73001DA0F5 /* 3rdparty */,
				7E0A33BE1B791E7C000C7B22 /* external */,
				7E0A33BC1B791A30000C7B22 /* seed_application.cpp */,
				7E0A339C1B7919E6000C7B22 /* Supporting Files */,
			);
			name = "Seed Code";
			path = Seed;
			sourceTree = "<group>";
		};
		7E0A339C1B7919E6000C7B22 /* Supporting Files */ = {
			isa = PBXGroup;
			children = (
				7E0A339D1B7919E6000C7B22 /* Info.plist */,
			);
			name = "Supporting Files";
			sourceTree = "<group>";
		};
		7E0A33BE1B791E7C000C7B22 /* external */ = {
			isa = PBXGroup;
			children = (
				7E405BB31B7C827F001DA0F5 /* as_helper */,
				7EC21F1B1B7A6E4C0020994C /* bullet_wrapper */,
				7E0A34071B793FA8000C7B22 /* utils */,
				7E0A33BF1B791E8C000C7B22 /* sdl_wrapper */,
				7E0A33D61B791E8D000C7B22 /* simple_renderer */,
			);
			name = external;
			sourceTree = "<group>";
		};
		7E0A33BF1B791E8C000C7B22 /* sdl_wrapper */ = {
			isa = PBXGroup;
			children = (
				7E0A33C11B791E8C000C7B22 /* input.cpp */,
				7E0A33C21B791E8C000C7B22 /* input.hpp */,
				7E0A33C41B791E8C000C7B22 /* message_pump.cpp */,
				7E0A33C51B791E8C000C7B22 /* message_pump.hpp */,
				7E0A33C61B791E8C000C7B22 /* mixer.cpp */,
				7E0A33C71B791E8C000C7B22 /* mixer.hpp */,
				7E0A33C81B791E8C000C7B22 /* ogl_context.cpp */,
				7E0A33C91B791E8C000C7B22 /* ogl_context.hpp */,
				7E0A33CB1B791E8C000C7B22 /* sdl_common.cpp */,
				7E0A33CC1B791E8C000C7B22 /* sdl_common.hpp */,
				7E0A33CD1B791E8C000C7B22 /* sdl_fwd.hpp */,
				7E0A33CE1B791E8C000C7B22 /* sdl_lazy_include.hpp */,
				7E0A33D41B791E8D000C7B22 /* window.cpp */,
				7E0A33D51B791E8D000C7B22 /* window.hpp */,
			);
			name = sdl_wrapper;
			path = ../../../../../../../../usr/local/include/sdl_wrapper;
			sourceTree = "<group>";
		};
		7E0A33D61B791E8D000C7B22 /* simple_renderer */ = {
			isa = PBXGroup;
			children = (
				7E87C5AC1B810B88003BE24E /* ogl */,
				7E0A33D71B791E8D000C7B22 /* common.cpp */,
				7E0A33D81B791E8D000C7B22 /* common.hpp */,
				7E0A33D91B791E8D000C7B22 /* draw_call.cpp */,
				7E0A33DA1B791E8D000C7B22 /* draw_call.hpp */,
				7E0A33DB1B791E8D000C7B22 /* frame_buffer.cpp */,
				7E0A33DC1B791E8D000C7B22 /* frame_buffer.hpp */,
				7E0A33DD1B791E8D000C7B22 /* index_buffer.cpp */,
				7E0A33DE1B791E8D000C7B22 /* index_buffer.hpp */,
				7E0A33DF1B791E8D000C7B22 /* lazy_include.hpp */,
				7E0A33E01B791E8D000C7B22 /* rasterizer.cpp */,
				7E0A33E11B791E8D000C7B22 /* rasterizer.hpp */,
				7E0A33E21B791E8D000C7B22 /* renderer.cpp */,
				7E0A33E31B791E8D000C7B22 /* renderer.hpp */,
				7E0A33E41B791E8D000C7B22 /* renderer_fwd.hpp */,
				7E0A33E51B791E8D000C7B22 /* shader.cpp */,
				7E0A33E61B791E8D000C7B22 /* shader.hpp */,
				7E0A33E71B791E8D000C7B22 /* texture.cpp */,
				7E0A33E81B791E8D000C7B22 /* texture.hpp */,
				7E0A33E91B791E8D000C7B22 /* version.hpp */,
				7E0A33EA1B791E8D000C7B22 /* vertex_buffer.cpp */,
				7E0A33EB1B791E8D000C7B22 /* vertex_buffer.hpp */,
				7E0A33EC1B791E8D000C7B22 /* vertex_format.cpp */,
				7E0A33ED1B791E8D000C7B22 /* vertex_format.hpp */,
			);
			name = simple_renderer;
			path = ../../../../../../../../usr/local/include/simple_renderer;
			sourceTree = "<group>";
		};
		7E0A34071B793FA8000C7B22 /* utils */ = {
			isa = PBXGroup;
			children = (
				7E87C5CC1B8312F7003BE24E /* string_helpers.hpp */,
				7EC21F2A1B7B2CF80020994C /* logging.cpp */,
				7EC21F2B1B7B2CF80020994C /* logging.hpp */,
				7EC21F271B7B12680020994C /* timer.cpp */,
				7EC21F281B7B12680020994C /* timer.hpp */,
				7E0A34081B793FA8000C7B22 /* directory.hpp */,
				7E0A34091B793FA8000C7B22 /* directory_mac.mm */,
				7E0A340A1B793FA8000C7B22 /* directory_nix.cpp */,
				7E0A340B1B793FA8000C7B22 /* obj_model_loader.cpp */,
				7E0A340C1B793FA8000C7B22 /* obj_model_loader.hpp */,
			);
			name = utils;
			path = ../../../../../../../../usr/local/include/utils;
			sourceTree = "<group>";
		};
		7E405BA51B7C7C73001DA0F5 /* 3rdparty */ = {
			isa = PBXGroup;
			children = (
				7E405BA61B7C7C7D001DA0F5 /* angelscript */,
			);
			name = 3rdparty;
			sourceTree = "<group>";
		};
		7E405BA61B7C7C7D001DA0F5 /* angelscript */ = {
			isa = PBXGroup;
			children = (
				7E405BA71B7C7C8B001DA0F5 /* add_ons */,
				7E405BAF1B7C7C8B001DA0F5 /* angelscript.h */,
			);
			name = angelscript;
			sourceTree = "<group>";
		};
		7E405BA71B7C7C8B001DA0F5 /* add_ons */ = {
			isa = PBXGroup;
			children = (
				7E405BA81B7C7C8B001DA0F5 /* scriptarray */,
				7E405BAB1B7C7C8B001DA0F5 /* scriptstdstring */,
			);
			name = add_ons;
			path = ../../../../3rdparty/angelscript/include/add_ons;
			sourceTree = "<group>";
		};
		7E405BA81B7C7C8B001DA0F5 /* scriptarray */ = {
			isa = PBXGroup;
			children = (
				7E405BA91B7C7C8B001DA0F5 /* scriptarray.cpp */,
				7E405BAA1B7C7C8B001DA0F5 /* scriptarray.h */,
			);
			path = scriptarray;
			sourceTree = "<group>";
		};
		7E405BAB1B7C7C8B001DA0F5 /* scriptstdstring */ = {
			isa = PBXGroup;
			children = (
				7E405BAC1B7C7C8B001DA0F5 /* scriptstdstring.cpp */,
				7E405BAD1B7C7C8B001DA0F5 /* scriptstdstring.h */,
				7E405BAE1B7C7C8B001DA0F5 /* scriptstdstring_utils.cpp */,
			);
			path = scriptstdstring;
			sourceTree = "<group>";
		};
		7E405BB31B7C827F001DA0F5 /* as_helper */ = {
			isa = PBXGroup;
			children = (
				7E405BB41B7C827F001DA0F5 /* as_helper.cpp */,
				7E405BB51B7C827F001DA0F5 /* as_helper.hpp */,
			);
			name = as_helper;
			path = ../../../../../as_helper;
			sourceTree = "<group>";
		};
		7E405BBF1B7D1801001DA0F5 /* core */ = {
			isa = PBXGroup;
			children = (
				7E61D0F91B981ADF00AE90BD /* core.cpp */,
				7E61D0FA1B981ADF00AE90BD /* core.hpp */,
				7E61D0F51B9818EB00AE90BD /* time */,
				7EE730241B95D59E005AA837 /* schedular */,
				7E87C5C31B8276A9003BE24E /* memory */,
				7E87C5B91B826404003BE24E /* event */,
				7E405BC01B7D1801001DA0F5 /* entity */,
			);
			name = core;
			path = ../../../../code/core;
			sourceTree = "<group>";
		};
		7E405BC01B7D1801001DA0F5 /* entity */ = {
			isa = PBXGroup;
			children = (
				7E87C5AB1B80FD3D003BE24E /* component_interface.hpp */,
				7E405BC11B7D1801001DA0F5 /* entity.hpp */,
			);
			path = entity;
			sourceTree = "<group>";
		};
		7E405BC21B7D1A91001DA0F5 /* components */ = {
			isa = PBXGroup;
			children = (
				7E87C5A11B7E18A4003BE24E /* mesh */,
				7E405BC31B7D1A91001DA0F5 /* camera */,
				7E405BC81B7D1A91001DA0F5 /* material */,
				7E405BCD1B7D1A91001DA0F5 /* mesh_renderer */,
				7E405BD21B7D1A91001DA0F5 /* rigid_body */,
				7E405BD51B7D1A91001DA0F5 /* script */,
				7E405BDA1B7D1A91001DA0F5 /* transform */,
			);
			name = components;
			path = ../../../../code/components;
			sourceTree = "<group>";
		};
		7E405BC31B7D1A91001DA0F5 /* camera */ = {
			isa = PBXGroup;
			children = (
				7E405BC41B7D1A91001DA0F5 /* camera.cpp */,
				7E405BC51B7D1A91001DA0F5 /* camera.hpp */,
				7E405BC61B7D1A91001DA0F5 /* camera_controller.cpp */,
				7E405BC71B7D1A91001DA0F5 /* camera_controller.hpp */,
			);
			path = camera;
			sourceTree = "<group>";
		};
		7E405BC81B7D1A91001DA0F5 /* material */ = {
			isa = PBXGroup;
			children = (
				7E405BC91B7D1A91001DA0F5 /* material.cpp */,
				7E405BCA1B7D1A91001DA0F5 /* material.hpp */,
				7E405BCB1B7D1A91001DA0F5 /* material_controller.cpp */,
				7E405BCC1B7D1A91001DA0F5 /* material_controller.hpp */,
			);
			path = material;
			sourceTree = "<group>";
		};
		7E405BCD1B7D1A91001DA0F5 /* mesh_renderer */ = {
			isa = PBXGroup;
			children = (
				7E405BCE1B7D1A91001DA0F5 /* mesh_renderer.cpp */,
				7E405BCF1B7D1A91001DA0F5 /* mesh_renderer.hpp */,
				7E405BD01B7D1A91001DA0F5 /* mesh_renderer_controller.cpp */,
				7E405BD11B7D1A91001DA0F5 /* mesh_renderer_controller.hpp */,
			);
			path = mesh_renderer;
			sourceTree = "<group>";
		};
		7E405BD21B7D1A91001DA0F5 /* rigid_body */ = {
			isa = PBXGroup;
			children = (
				7EE146741B8C9116008B4748 /* rigid_body_data.cpp */,
				7EE146751B8C9116008B4748 /* rigid_body_data.hpp */,
				7E405BD31B7D1A91001DA0F5 /* rigid_body_controller.cpp */,
				7E405BD41B7D1A91001DA0F5 /* rigid_body_controller.hpp */,
			);
			path = rigid_body;
			sourceTree = "<group>";
		};
		7E405BD51B7D1A91001DA0F5 /* script */ = {
			isa = PBXGroup;
			children = (
				7E405BD61B7D1A91001DA0F5 /* script.cpp */,
				7E405BD71B7D1A91001DA0F5 /* script.hpp */,
				7E405BD81B7D1A91001DA0F5 /* script_controller.cpp */,
				7E405BD91B7D1A91001DA0F5 /* script_controller.hpp */,
			);
			path = script;
			sourceTree = "<group>";
		};
		7E405BDA1B7D1A91001DA0F5 /* transform */ = {
			isa = PBXGroup;
			children = (
				7E405BDB1B7D1A91001DA0F5 /* transform.cpp */,
				7E405BDC1B7D1A91001DA0F5 /* transform.hpp */,
				7E405BDD1B7D1A91001DA0F5 /* transform_controller.cpp */,
				7E405BDE1B7D1A91001DA0F5 /* transform_controller.hpp */,
			);
			path = transform;
			sourceTree = "<group>";
		};
		7E5B116B1B8997AF00614422 /* mesh_renderer */ = {
			isa = PBXGroup;
			children = (
				7E5B116C1B8997C200614422 /* mesh_renderer.cpp */,
				7E5B116D1B8997C200614422 /* mesh_renderer.hpp */,
			);
			path = mesh_renderer;
			sourceTree = "<group>";
		};
		7E61D0F51B9818EB00AE90BD /* time */ = {
			isa = PBXGroup;
			children = (
				7E61D0F61B9818EB00AE90BD /* time.cpp */,
				7E61D0F71B9818EB00AE90BD /* time.hpp */,
			);
			path = time;
			sourceTree = "<group>";
		};
		7E87C5A11B7E18A4003BE24E /* mesh */ = {
			isa = PBXGroup;
			children = (
				7E87C5A21B7E18A4003BE24E /* mesh.cpp */,
				7E87C5A31B7E18A4003BE24E /* mesh.hpp */,
				7E87C5A41B7E18A4003BE24E /* mesh_controller.cpp */,
				7E87C5A51B7E18A4003BE24E /* mesh_controller.hpp */,
			);
			path = mesh;
			sourceTree = "<group>";
		};
		7E87C5AC1B810B88003BE24E /* ogl */ = {
			isa = PBXGroup;
			children = (
				7E87C5B61B81BA65003BE24E /* texture_resource.cpp */,
				7E87C5B71B81BA65003BE24E /* texture_resource.hpp */,
				7E87C5AD1B810B88003BE24E /* vertex_buffer_resource.cpp */,
				7E87C5AE1B810B88003BE24E /* vertex_buffer_resource.hpp */,
			);
			name = ogl;
			path = "../../../../Users/PhilCK/Developer/simple-renderer/renderer/ogl";
			sourceTree = "<group>";
		};
		7E87C5B01B812FC5003BE24E /* Frameworks */ = {
			isa = PBXGroup;
			children = (
				7E0A34051B791EFC000C7B22 /* OpenGL.framework */,
				7E405B931B7BE134001DA0F5 /* libangelscript.a */,
			);
			name = Frameworks;
			sourceTree = "<group>";
		};
		7E87C5B11B81360F003BE24E /* systems */ = {
			isa = PBXGroup;
			children = (
				7E8E89771B8BADCC007F416E /* physics_world */,
				7E5B116B1B8997AF00614422 /* mesh_renderer */,
				7EEBA0AB1B85B1E50088162A /* debug_line_renderer */,
				7E87C5C81B830AAA003BE24E /* script */,
				7E87C5B21B81360F003BE24E /* window */,
			);
			name = systems;
			path = ../../../../code/systems;
			sourceTree = "<group>";
		};
		7E87C5B21B81360F003BE24E /* window */ = {
			isa = PBXGroup;
			children = (
				7E87C5B31B81360F003BE24E /* window.cpp */,
				7E87C5B41B81360F003BE24E /* window.hpp */,
			);
			path = window;
			sourceTree = "<group>";
		};
		7E87C5B91B826404003BE24E /* event */ = {
			isa = PBXGroup;
			children = (
				7E87C5BA1B826404003BE24E /* event.cpp */,
				7E87C5BB1B826404003BE24E /* event.hpp */,
				7E87C5BC1B826404003BE24E /* event_data.cpp */,
				7E87C5BD1B826404003BE24E /* event_data.hpp */,
			);
			path = event;
			sourceTree = "<group>";
		};
		7E87C5C31B8276A9003BE24E /* memory */ = {
			isa = PBXGroup;
			children = (
				7E87C5C41B8276A9003BE24E /* memory_chunk.hpp */,
				7E87C5C51B8276A9003BE24E /* memory_controller.cpp */,
				7E87C5C61B8276A9003BE24E /* memory_controller.hpp */,
			);
			path = memory;
			sourceTree = "<group>";
		};
		7E87C5C81B830AAA003BE24E /* script */ = {
			isa = PBXGroup;
			children = (
				7EE8880A1BA065DB0073A100 /* detail */,
				7EE8880E1BA066320073A100 /* script_manager.cpp */,
				7EE8880F1BA066320073A100 /* script_manager.hpp */,
				7EE888181BA0AC670073A100 /* script_contorller.cpp */,
				7EE888191BA0AC670073A100 /* script_controller.hpp */,
			);
			path = script;
			sourceTree = "<group>";
		};
		7E8E89771B8BADCC007F416E /* physics_world */ = {
			isa = PBXGroup;
			children = (
				7E8E89781B8BADCC007F416E /* physics_world_controller.cpp */,
				7E8E89791B8BADCC007F416E /* physics_world_controller.hpp */,
			);
			path = physics_world;
			sourceTree = "<group>";
		};
		7EC21F1B1B7A6E4C0020994C /* bullet_wrapper */ = {
			isa = PBXGroup;
			children = (
				7EC21F1C1B7A6E4C0020994C /* bullet_common.hpp */,
				7EC21F1D1B7A6E4C0020994C /* bullet_wrapper_fwd.hpp */,
				7EE730221B95D1B9005AA837 /* collision.hpp */,
				7EC21F241B7A74FD0020994C /* collider.cpp */,
				7EC21F251B7A74FD0020994C /* collider.hpp */,
				7EC21F1E1B7A6E4C0020994C /* rigidbody.cpp */,
				7EC21F1F1B7A6E4C0020994C /* rigidbody.hpp */,
				7EC21F201B7A6E4C0020994C /* world.cpp */,
				7EC21F211B7A6E4C0020994C /* world.hpp */,
			);
			name = bullet_wrapper;
			path = /usr/local/include/bullet_wrapper;
			sourceTree = "<absolute>";
		};
		7EE48C541B8EF2C400BEA256 /* common */ = {
			isa = PBXGroup;
			children = (
				7EE48C551B8EF2C400BEA256 /* world_axis.hpp */,
			);
			name = common;
			path = ../../../../code/common;
			sourceTree = "<group>";
		};
		7EE730241B95D59E005AA837 /* schedular */ = {
			isa = PBXGroup;
			children = (
				7EE730251B95D59E005AA837 /* schedular.cpp */,
				7EE730261B95D59E005AA837 /* schedular.hpp */,
			);
			path = schedular;
			sourceTree = "<group>";
		};
		7EE8880A1BA065DB0073A100 /* detail */ = {
			isa = PBXGroup;
			children = (
				7EE888111BA068770073A100 /* script_fwd.hpp */,
				7EE888151BA0ABC60073A100 /* meta_objects.cpp */,
				7EE888161BA0ABC60073A100 /* meta_objects.hpp */,
				7EE888121BA0A7180073A100 /* chai_binding.cpp */,
				7EE888131BA0A7180073A100 /* chai_binding.hpp */,
				7EE8880B1BA065DB0073A100 /* chai_instances.cpp */,
				7EE8880C1BA065DB0073A100 /* chai_instances.hpp */,
			);
			path = detail;
			sourceTree = "<group>";
		};
		7EEBA0AB1B85B1E50088162A /* debug_line_renderer */ = {
			isa = PBXGroup;
			children = (
				7EEBA0AC1B85B1E50088162A /* debug_line_renderer.cpp */,
				7EEBA0AD1B85B1E50088162A /* debug_line_renderer.hpp */,
			);
			path = debug_line_renderer;
			sourceTree = "<group>";
		};
/* End PBXGroup section */

/* Begin PBXNativeTarget section */
		7E0A33981B7919E6000C7B22 /* Seed */ = {
			isa = PBXNativeTarget;
			buildConfigurationList = 7E0A33B61B7919E6000C7B22 /* Build configuration list for PBXNativeTarget "Seed" */;
			buildPhases = (
				7E0A33951B7919E6000C7B22 /* Sources */,
				7E0A33961B7919E6000C7B22 /* Frameworks */,
				7E0A33971B7919E6000C7B22 /* Resources */,
			);
			buildRules = (
			);
			dependencies = (
			);
			name = Seed;
			productName = Seed;
			productReference = 7E0A33991B7919E6000C7B22 /* Seed.app */;
			productType = "com.apple.product-type.application";
		};
/* End PBXNativeTarget section */

/* Begin PBXProject section */
		7E0A33911B7919E6000C7B22 /* Project object */ = {
			isa = PBXProject;
			attributes = {
				LastUpgradeCheck = 0630;
				ORGANIZATIONNAME = "Squid Vs Shark";
				TargetAttributes = {
					7E0A33981B7919E6000C7B22 = {
						CreatedOnToolsVersion = 6.3.2;
					};
				};
			};
			buildConfigurationList = 7E0A33941B7919E6000C7B22 /* Build configuration list for PBXProject "Seed" */;
			compatibilityVersion = "Xcode 3.2";
			developmentRegion = English;
			hasScannedForEncodings = 0;
			knownRegions = (
				en,
				Base,
			);
			mainGroup = 7E0A33901B7919E6000C7B22;
			productRefGroup = 7E0A339A1B7919E6000C7B22 /* Products */;
			projectDirPath = "";
			projectRoot = "";
			targets = (
				7E0A33981B7919E6000C7B22 /* Seed */,
			);
		};
/* End PBXProject section */

/* Begin PBXResourcesBuildPhase section */
		7E0A33971B7919E6000C7B22 /* Resources */ = {
			isa = PBXResourcesBuildPhase;
			buildActionMask = 2147483647;
			files = (
				7E0A342B1B7941A5000C7B22 /* assets in Resources */,
				7EA289CB1B98957600C70810 /* libchaiscript_stdlib-5.7.1.so in Resources */,
			);
			runOnlyForDeploymentPostprocessing = 0;
		};
/* End PBXResourcesBuildPhase section */

/* Begin PBXSourcesBuildPhase section */
		7E0A33951B7919E6000C7B22 /* Sources */ = {
			isa = PBXSourcesBuildPhase;
			buildActionMask = 2147483647;
			files = (
				7E87C5A71B7E18A4003BE24E /* mesh_controller.cpp in Sources */,
				7E0A33FD1B791E8D000C7B22 /* frame_buffer.cpp in Sources */,
				7EE8881A1BA0AC670073A100 /* script_contorller.cpp in Sources */,
				7E61D0F81B9818EB00AE90BD /* time.cpp in Sources */,
				7E0A340D1B793FA8000C7B22 /* directory_mac.mm in Sources */,
				7E405BE71B7D1A91001DA0F5 /* script_controller.cpp in Sources */,
				7E0A33F51B791E8D000C7B22 /* sdl_common.cpp in Sources */,
				7E87C5C01B826404003BE24E /* event.cpp in Sources */,
				7E0A340F1B793FA8000C7B22 /* obj_model_loader.cpp in Sources */,
				7E405BDF1B7D1A91001DA0F5 /* camera.cpp in Sources */,
				7E0A33F31B791E8D000C7B22 /* ogl_context.cpp in Sources */,
				7E405BB71B7C827F001DA0F5 /* as_helper.cpp in Sources */,
				7E0A33F11B791E8D000C7B22 /* message_pump.cpp in Sources */,
				7E8E897A1B8BADCC007F416E /* physics_world_controller.cpp in Sources */,
				7E405BB01B7C7C8B001DA0F5 /* scriptarray.cpp in Sources */,
				7E405BB21B7C7C8B001DA0F5 /* scriptstdstring_utils.cpp in Sources */,
				7E405BB11B7C7C8B001DA0F5 /* scriptstdstring.cpp in Sources */,
				7E87C5B81B81BA65003BE24E /* texture_resource.cpp in Sources */,
				7EC21F291B7B12680020994C /* timer.cpp in Sources */,
				7E61D0FB1B981ADF00AE90BD /* core.cpp in Sources */,
				7E0A340E1B793FA8000C7B22 /* directory_nix.cpp in Sources */,
				7E405BE51B7D1A91001DA0F5 /* rigid_body_controller.cpp in Sources */,
				7E0A34041B791E8D000C7B22 /* vertex_format.cpp in Sources */,
				7E87C5A61B7E18A4003BE24E /* mesh.cpp in Sources */,
				7EE730271B95D59E005AA837 /* schedular.cpp in Sources */,
				7E0A34001B791E8D000C7B22 /* renderer.cpp in Sources */,
				7E0A33FB1B791E8D000C7B22 /* common.cpp in Sources */,
				7EC21F261B7A74FD0020994C /* collider.cpp in Sources */,
				7E405BE41B7D1A91001DA0F5 /* mesh_renderer_controller.cpp in Sources */,
				7EE888171BA0ABC60073A100 /* meta_objects.cpp in Sources */,
				7E405BE31B7D1A91001DA0F5 /* mesh_renderer.cpp in Sources */,
				7E405BE01B7D1A91001DA0F5 /* camera_controller.cpp in Sources */,
				7E0A33FC1B791E8D000C7B22 /* draw_call.cpp in Sources */,
				7E0A34021B791E8D000C7B22 /* texture.cpp in Sources */,
				7EE888141BA0A7180073A100 /* chai_binding.cpp in Sources */,
				7E405BE91B7D1A91001DA0F5 /* transform_controller.cpp in Sources */,
				7E0A33FA1B791E8D000C7B22 /* window.cpp in Sources */,
				7EC21F231B7A6E4C0020994C /* world.cpp in Sources */,
				7EE888101BA066330073A100 /* script_manager.cpp in Sources */,
				7E405BE21B7D1A91001DA0F5 /* material_controller.cpp in Sources */,
				7E87C5AF1B810B88003BE24E /* vertex_buffer_resource.cpp in Sources */,
				7E0A33EF1B791E8D000C7B22 /* input.cpp in Sources */,
				7E87C5B51B81360F003BE24E /* window.cpp in Sources */,
				7E5B116E1B8997C200614422 /* mesh_renderer.cpp in Sources */,
				7E0A33FF1B791E8D000C7B22 /* rasterizer.cpp in Sources */,
				7E0A34031B791E8D000C7B22 /* vertex_buffer.cpp in Sources */,
				7E87C5C11B826404003BE24E /* event_data.cpp in Sources */,
				7E0A34011B791E8D000C7B22 /* shader.cpp in Sources */,
				7E0A33BD1B791A30000C7B22 /* seed_application.cpp in Sources */,
				7E405BE81B7D1A91001DA0F5 /* transform.cpp in Sources */,
				7E0A33F21B791E8D000C7B22 /* mixer.cpp in Sources */,
				7E0A33FE1B791E8D000C7B22 /* index_buffer.cpp in Sources */,
				7EEBA0AE1B85B1E50088162A /* debug_line_renderer.cpp in Sources */,
				7E405BE11B7D1A91001DA0F5 /* material.cpp in Sources */,
				7EC21F221B7A6E4C0020994C /* rigidbody.cpp in Sources */,
				7EE8880D1BA065DB0073A100 /* chai_instances.cpp in Sources */,
				7E405BE61B7D1A91001DA0F5 /* script.cpp in Sources */,
				7EC21F2C1B7B2CF80020994C /* logging.cpp in Sources */,
				7E87C5C71B8276A9003BE24E /* memory_controller.cpp in Sources */,
				7EE146761B8C9116008B4748 /* rigid_body_data.cpp in Sources */,
			);
			runOnlyForDeploymentPostprocessing = 0;
		};
/* End PBXSourcesBuildPhase section */

/* Begin XCBuildConfiguration section */
		7E0A33B41B7919E6000C7B22 /* Debug */ = {
			isa = XCBuildConfiguration;
			buildSettings = {
				ALWAYS_SEARCH_USER_PATHS = NO;
				CLANG_CXX_LANGUAGE_STANDARD = "gnu++0x";
				CLANG_CXX_LIBRARY = "libc++";
				CLANG_ENABLE_MODULES = YES;
				CLANG_ENABLE_OBJC_ARC = YES;
				CLANG_WARN_BOOL_CONVERSION = YES;
				CLANG_WARN_CONSTANT_CONVERSION = YES;
				CLANG_WARN_DIRECT_OBJC_ISA_USAGE = YES_ERROR;
				CLANG_WARN_EMPTY_BODY = YES;
				CLANG_WARN_ENUM_CONVERSION = YES;
				CLANG_WARN_INT_CONVERSION = YES;
				CLANG_WARN_OBJC_ROOT_CLASS = YES_ERROR;
				CLANG_WARN_UNREACHABLE_CODE = YES;
				CLANG_WARN__DUPLICATE_METHOD_MATCH = YES;
				CODE_SIGN_IDENTITY = "-";
				COPY_PHASE_STRIP = NO;
				DEBUG_INFORMATION_FORMAT = dwarf;
				ENABLE_STRICT_OBJC_MSGSEND = YES;
				FRAMEWORK_SEARCH_PATHS = /usr/local/lib;
				GCC_C_LANGUAGE_STANDARD = gnu99;
				GCC_DYNAMIC_NO_PIC = NO;
				GCC_NO_COMMON_BLOCKS = YES;
				GCC_OPTIMIZATION_LEVEL = 0;
				GCC_PREPROCESSOR_DEFINITIONS = (
					"DEBUG=1",
					"$(inherited)",
				);
				GCC_SYMBOLS_PRIVATE_EXTERN = NO;
				GCC_WARN_64_TO_32_BIT_CONVERSION = YES;
				GCC_WARN_ABOUT_RETURN_TYPE = YES_ERROR;
				GCC_WARN_UNDECLARED_SELECTOR = YES;
				GCC_WARN_UNINITIALIZED_AUTOS = YES_AGGRESSIVE;
				GCC_WARN_UNUSED_FUNCTION = YES;
				GCC_WARN_UNUSED_VARIABLE = YES;
				HEADER_SEARCH_PATHS = (
					"$(inherited)",
					/Applications/Xcode.app/Contents/Developer/Toolchains/XcodeDefault.xctoolchain/usr/include,
					/usr/local/include,
					/Users/PhilCK/Developer/seed_game/3rdparty/angelscript/include,
					/Users/PhilCK/Developer/seed_game/3rdparty/chaiscript/include,
					/Users/PhilCK/Developer/seed_game/code/,
				);
				LIBRARY_SEARCH_PATHS = /usr/local/lib;
				MACOSX_DEPLOYMENT_TARGET = 10.10;
				MTL_ENABLE_DEBUG_INFO = YES;
				ONLY_ACTIVE_ARCH = YES;
				SDKROOT = macosx;
			};
			name = Debug;
		};
		7E0A33B51B7919E6000C7B22 /* Release */ = {
			isa = XCBuildConfiguration;
			buildSettings = {
				ALWAYS_SEARCH_USER_PATHS = NO;
				CLANG_CXX_LANGUAGE_STANDARD = "gnu++0x";
				CLANG_CXX_LIBRARY = "libc++";
				CLANG_ENABLE_MODULES = YES;
				CLANG_ENABLE_OBJC_ARC = YES;
				CLANG_WARN_BOOL_CONVERSION = YES;
				CLANG_WARN_CONSTANT_CONVERSION = YES;
				CLANG_WARN_DIRECT_OBJC_ISA_USAGE = YES_ERROR;
				CLANG_WARN_EMPTY_BODY = YES;
				CLANG_WARN_ENUM_CONVERSION = YES;
				CLANG_WARN_INT_CONVERSION = YES;
				CLANG_WARN_OBJC_ROOT_CLASS = YES_ERROR;
				CLANG_WARN_UNREACHABLE_CODE = YES;
				CLANG_WARN__DUPLICATE_METHOD_MATCH = YES;
				CODE_SIGN_IDENTITY = "-";
				COPY_PHASE_STRIP = NO;
				DEBUG_INFORMATION_FORMAT = "dwarf-with-dsym";
				ENABLE_NS_ASSERTIONS = NO;
				ENABLE_STRICT_OBJC_MSGSEND = YES;
				FRAMEWORK_SEARCH_PATHS = /usr/local/lib;
				GCC_C_LANGUAGE_STANDARD = gnu99;
				GCC_NO_COMMON_BLOCKS = YES;
				GCC_WARN_64_TO_32_BIT_CONVERSION = YES;
				GCC_WARN_ABOUT_RETURN_TYPE = YES_ERROR;
				GCC_WARN_UNDECLARED_SELECTOR = YES;
				GCC_WARN_UNINITIALIZED_AUTOS = YES_AGGRESSIVE;
				GCC_WARN_UNUSED_FUNCTION = YES;
				GCC_WARN_UNUSED_VARIABLE = YES;
				HEADER_SEARCH_PATHS = (
					"$(inherited)",
					/Applications/Xcode.app/Contents/Developer/Toolchains/XcodeDefault.xctoolchain/usr/include,
					/usr/local/include,
					/Users/PhilCK/Developer/seed_game/3rdparty/angelscript/include,
					/Users/PhilCK/Developer/seed_game/3rdparty/chaiscript/include,
					/Users/PhilCK/Developer/seed_game/code/,
				);
				LIBRARY_SEARCH_PATHS = /usr/local/lib;
				MACOSX_DEPLOYMENT_TARGET = 10.10;
				MTL_ENABLE_DEBUG_INFO = NO;
				SDKROOT = macosx;
			};
			name = Release;
		};
		7E0A33B71B7919E6000C7B22 /* Debug */ = {
			isa = XCBuildConfiguration;
			buildSettings = {
				ASSETCATALOG_COMPILER_APPICON_NAME = AppIcon;
				CLANG_CXX_LANGUAGE_STANDARD = "c++14";
				COMBINE_HIDPI_IMAGES = YES;
				GCC_C_LANGUAGE_STANDARD = c11;
				HEADER_SEARCH_PATHS = (
					"$(inherited)",
					/Applications/Xcode.app/Contents/Developer/Toolchains/XcodeDefault.xctoolchain/usr/include,
					"/usr/local/include/bullet/**",
					/usr/local/include,
				);
				INFOPLIST_FILE = Seed/Info.plist;
				LD_RUNPATH_SEARCH_PATHS = "$(inherited) @executable_path/../Frameworks";
				LIBRARY_SEARCH_PATHS = (
					"$(inherited)",
					/Users/PhilCK/Developer/seed_game/3rdparty/angelscript/lib/osx,
				);
				OTHER_LDFLAGS = (
					"-lSDL2",
					"-lsoil",
					"-lMiniCL",
					"-llinearMath",
					"-lbulletDynamics",
					"-lbulletCollision",
				);
				PRODUCT_NAME = "$(TARGET_NAME)";
			};
			name = Debug;
		};
		7E0A33B81B7919E6000C7B22 /* Release */ = {
			isa = XCBuildConfiguration;
			buildSettings = {
				ASSETCATALOG_COMPILER_APPICON_NAME = AppIcon;
				CLANG_CXX_LANGUAGE_STANDARD = "c++14";
				COMBINE_HIDPI_IMAGES = YES;
				GCC_C_LANGUAGE_STANDARD = c11;
				HEADER_SEARCH_PATHS = (
					"$(inherited)",
					/Applications/Xcode.app/Contents/Developer/Toolchains/XcodeDefault.xctoolchain/usr/include,
					"/usr/local/include/bullet/**",
					/usr/local/include,
				);
				INFOPLIST_FILE = Seed/Info.plist;
				LD_RUNPATH_SEARCH_PATHS = "$(inherited) @executable_path/../Frameworks";
				LIBRARY_SEARCH_PATHS = (
					"$(inherited)",
					/Users/PhilCK/Developer/seed_game/3rdparty/angelscript/lib/osx,
				);
				OTHER_LDFLAGS = (
					"-lSDL2",
					"-lsoil",
					"-lMiniCL",
					"-llinearMath",
					"-lbulletDynamics",
					"-lbulletCollision",
				);
				PRODUCT_NAME = "$(TARGET_NAME)";
			};
			name = Release;
		};
/* End XCBuildConfiguration section */

/* Begin XCConfigurationList section */
		7E0A33941B7919E6000C7B22 /* Build configuration list for PBXProject "Seed" */ = {
			isa = XCConfigurationList;
			buildConfigurations = (
				7E0A33B41B7919E6000C7B22 /* Debug */,
				7E0A33B51B7919E6000C7B22 /* Release */,
			);
			defaultConfigurationIsVisible = 0;
			defaultConfigurationName = Release;
		};
		7E0A33B61B7919E6000C7B22 /* Build configuration list for PBXNativeTarget "Seed" */ = {
			isa = XCConfigurationList;
			buildConfigurations = (
				7E0A33B71B7919E6000C7B22 /* Debug */,
				7E0A33B81B7919E6000C7B22 /* Release */,
			);
			defaultConfigurationIsVisible = 0;
			defaultConfigurationName = Release;
		};
/* End XCConfigurationList section */
	};
	rootObject = 7E0A33911B7919E6000C7B22 /* Project object */;
}
